
Microsoft Visual Studio Solution File, Format Version 12.00
# Visual Studio 14
VisualStudioVersion = 14.0.23107.0
MinimumVisualStudioVersion = 10.0.40219.1
Project("{FAE04EC0-301F-11D3-BF4B-00C04F79EFBC}") = "01.DeclareVariables", "DeclareVariables\01.DeclareVariables.csproj", "{06E31FEC-1184-479A-A830-CAF621BC725C}"
EndProject
Project("{FAE04EC0-301F-11D3-BF4B-00C04F79EFBC}") = "02.FloatOrDouble", "FloatOrDouble\02.FloatOrDouble.csproj", "{16817A65-5112-4A74-BBE8-50B35AB0F9DB}"
EndProject
Project("{FAE04EC0-301F-11D3-BF4B-00C04F79EFBC}") = "03.VariableInHexadecimalFormat", "VariableInHexadecimalFormat\03.VariableInHexadecimalFormat.csproj", "{9A95AAC9-0543-43EC-B43B-0B008B7AD025}"
EndProject
Project("{FAE04EC0-301F-11D3-BF4B-00C04F79EFBC}") = "04.UnicodeCharacter", "UnicodeCharacter\04.UnicodeCharacter.csproj", "{8F3F6A01-1CD7-4A72-AD7A-724E31FDACBB}"
EndProject
Project("{FAE04EC0-301F-11D3-BF4B-00C04F79EFBC}") = "05.BooleanVariable", "BooleanVariable\05.BooleanVariable.csproj", "{AF7D49FD-F49B-4C8F-8C81-AE043131DF65}"
EndProject
Project("{FAE04EC0-301F-11D3-BF4B-00C04F79EFBC}") = "06.StringsAndObjects", "StringsAndObjects\06.StringsAndObjects.csproj", "{EB4AC60C-D429-4D3B-90FD-F71DCCC88B6C}"
EndProject
Project("{FAE04EC0-301F-11D3-BF4B-00C04F79EFBC}") = "07.QuotesInStrings", "QuotesInStrings\07.QuotesInStrings.csproj", "{DF92D465-FF44-4FFD-A9C7-8422AB247A07}"
EndProject
Project("{FAE04EC0-301F-11D3-BF4B-00C04F79EFBC}") = "08.IsoscelesTriangle", "IsoscelesTriangle\08.IsoscelesTriangle.csproj", "{6679F958-D429-4404-89FA-D9AC1A7FD4ED}"
EndProject
Project("{FAE04EC0-301F-11D3-BF4B-00C04F79EFBC}") = "09.ExchangeVariableValues", "ExchangeVariableValues\09.ExchangeVariableValues.csproj", "{6EA73EA7-D98C-428B-850A-68C6D9FA12C6}"
EndProject
Project("{FAE04EC0-301F-11D3-BF4B-00C04F79EFBC}") = "10.EmployeeData", "EmployeeData\10.EmployeeData.csproj", "{27B25507-B08A-4690-9C36-C696E817867B}"
EndProject
Project("{FAE04EC0-301F-11D3-BF4B-00C04F79EFBC}") = "11.BankAccountData", "BankAccountData\11.BankAccountData.csproj", "{36E25F53-940F-4583-BAD4-867F24960262}"
EndProject
Project("{FAE04EC0-301F-11D3-BF4B-00C04F79EFBC}") = "12.NullValuesArithmetic", "NullValuesArithmetic\12.NullValuesArithmetic.csproj", "{BA57EB76-C2C4-4AF6-9CF6-DB26BF452E03}"
EndProject
Project("{FAE04EC0-301F-11D3-BF4B-00C04F79EFBC}") = "13.ComparingFloats", "ComparingFloats\13.ComparingFloats.csproj", "{451A943E-770E-4140-9C59-39DB14107872}"
EndProject
Project("{FAE04EC0-301F-11D3-BF4B-00C04F79EFBC}") = "14.PrintTheASCIITable", "PrintTheASCIITable\14.PrintTheASCIITable.csproj", "{F3B2DCCF-8006-4934-959D-3EFD2871E32D}"
EndProject
Project("{FAE04EC0-301F-11D3-BF4B-00C04F79EFBC}") = "15.TorrentPirate", "TorrentPirate\15.TorrentPirate.csproj", "{06171639-CE4F-4B19-8BF4-D5C2381E2132}"
EndProject
Global
	GlobalSection(SolutionConfigurationPlatforms) = preSolution
		Debug|Any CPU = Debug|Any CPU
		Release|Any CPU = Release|Any CPU
	EndGlobalSection
	GlobalSection(ProjectConfigurationPlatforms) = postSolution
		{06E31FEC-1184-479A-A830-CAF621BC725C}.Debug|Any CPU.ActiveCfg = Debug|Any CPU
		{06E31FEC-1184-479A-A830-CAF621BC725C}.Debug|Any CPU.Build.0 = Debug|Any CPU
		{06E31FEC-1184-479A-A830-CAF621BC725C}.Release|Any CPU.ActiveCfg = Release|Any CPU
		{06E31FEC-1184-479A-A830-CAF621BC725C}.Release|Any CPU.Build.0 = Release|Any CPU
		{16817A65-5112-4A74-BBE8-50B35AB0F9DB}.Debug|Any CPU.ActiveCfg = Debug|Any CPU
		{16817A65-5112-4A74-BBE8-50B35AB0F9DB}.Debug|Any CPU.Build.0 = Debug|Any CPU
		{16817A65-5112-4A74-BBE8-50B35AB0F9DB}.Release|Any CPU.ActiveCfg = Release|Any CPU
		{16817A65-5112-4A74-BBE8-50B35AB0F9DB}.Release|Any CPU.Build.0 = Release|Any CPU
		{9A95AAC9-0543-43EC-B43B-0B008B7AD025}.Debug|Any CPU.ActiveCfg = Debug|Any CPU
		{9A95AAC9-0543-43EC-B43B-0B008B7AD025}.Debug|Any CPU.Build.0 = Debug|Any CPU
		{9A95AAC9-0543-43EC-B43B-0B008B7AD025}.Release|Any CPU.ActiveCfg = Release|Any CPU
		{9A95AAC9-0543-43EC-B43B-0B008B7AD025}.Release|Any CPU.Build.0 = Release|Any CPU
		{8F3F6A01-1CD7-4A72-AD7A-724E31FDACBB}.Debug|Any CPU.ActiveCfg = Debug|Any CPU
		{8F3F6A01-1CD7-4A72-AD7A-724E31FDACBB}.Debug|Any CPU.Build.0 = Debug|Any CPU
		{8F3F6A01-1CD7-4A72-AD7A-724E31FDACBB}.Release|Any CPU.ActiveCfg = Release|Any CPU
		{8F3F6A01-1CD7-4A72-AD7A-724E31FDACBB}.Release|Any CPU.Build.0 = Release|Any CPU
		{AF7D49FD-F49B-4C8F-8C81-AE043131DF65}.Debug|Any CPU.ActiveCfg = Debug|Any CPU
		{AF7D49FD-F49B-4C8F-8C81-AE043131DF65}.Debug|Any CPU.Build.0 = Debug|Any CPU
		{AF7D49FD-F49B-4C8F-8C81-AE043131DF65}.Release|Any CPU.ActiveCfg = Release|Any CPU
		{AF7D49FD-F49B-4C8F-8C81-AE043131DF65}.Release|Any CPU.Build.0 = Release|Any CPU
		{EB4AC60C-D429-4D3B-90FD-F71DCCC88B6C}.Debug|Any CPU.ActiveCfg = Debug|Any CPU
		{EB4AC60C-D429-4D3B-90FD-F71DCCC88B6C}.Debug|Any CPU.Build.0 = Debug|Any CPU
		{EB4AC60C-D429-4D3B-90FD-F71DCCC88B6C}.Release|Any CPU.ActiveCfg = Release|Any CPU
		{EB4AC60C-D429-4D3B-90FD-F71DCCC88B6C}.Release|Any CPU.Build.0 = Release|Any CPU
		{DF92D465-FF44-4FFD-A9C7-8422AB247A07}.Debug|Any CPU.ActiveCfg = Debug|Any CPU
		{DF92D465-FF44-4FFD-A9C7-8422AB247A07}.Debug|Any CPU.Build.0 = Debug|Any CPU
		{DF92D465-FF44-4FFD-A9C7-8422AB247A07}.Release|Any CPU.ActiveCfg = Release|Any CPU
		{DF92D465-FF44-4FFD-A9C7-8422AB247A07}.Release|Any CPU.Build.0 = Release|Any CPU
		{6679F958-D429-4404-89FA-D9AC1A7FD4ED}.Debug|Any CPU.ActiveCfg = Debug|Any CPU
		{6679F958-D429-4404-89FA-D9AC1A7FD4ED}.Debug|Any CPU.Build.0 = Debug|Any CPU
		{6679F958-D429-4404-89FA-D9AC1A7FD4ED}.Release|Any CPU.ActiveCfg = Release|Any CPU
		{6679F958-D429-4404-89FA-D9AC1A7FD4ED}.Release|Any CPU.Build.0 = Release|Any CPU
		{6EA73EA7-D98C-428B-850A-68C6D9FA12C6}.Debug|Any CPU.ActiveCfg = Debug|Any CPU
		{6EA73EA7-D98C-428B-850A-68C6D9FA12C6}.Debug|Any CPU.Build.0 = Debug|Any CPU
		{6EA73EA7-D98C-428B-850A-68C6D9FA12C6}.Release|Any CPU.ActiveCfg = Release|Any CPU
		{6EA73EA7-D98C-428B-850A-68C6D9FA12C6}.Release|Any CPU.Build.0 = Release|Any CPU
		{27B25507-B08A-4690-9C36-C696E817867B}.Debug|Any CPU.ActiveCfg = Debug|Any CPU
		{27B25507-B08A-4690-9C36-C696E817867B}.Debug|Any CPU.Build.0 = Debug|Any CPU
		{27B25507-B08A-4690-9C36-C696E817867B}.Release|Any CPU.ActiveCfg = Release|Any CPU
		{27B25507-B08A-4690-9C36-C696E817867B}.Release|Any CPU.Build.0 = Release|Any CPU
		{36E25F53-940F-4583-BAD4-867F24960262}.Debug|Any CPU.ActiveCfg = Debug|Any CPU
		{36E25F53-940F-4583-BAD4-867F24960262}.Debug|Any CPU.Build.0 = Debug|Any CPU
		{36E25F53-940F-4583-BAD4-867F24960262}.Release|Any CPU.ActiveCfg = Release|Any CPU
		{36E25F53-940F-4583-BAD4-867F24960262}.Release|Any CPU.Build.0 = Release|Any CPU
		{BA57EB76-C2C4-4AF6-9CF6-DB26BF452E03}.Debug|Any CPU.ActiveCfg = Debug|Any CPU
		{BA57EB76-C2C4-4AF6-9CF6-DB26BF452E03}.Debug|Any CPU.Build.0 = Debug|Any CPU
		{BA57EB76-C2C4-4AF6-9CF6-DB26BF452E03}.Release|Any CPU.ActiveCfg = Release|Any CPU
		{BA57EB76-C2C4-4AF6-9CF6-DB26BF452E03}.Release|Any CPU.Build.0 = Release|Any CPU
		{451A943E-770E-4140-9C59-39DB14107872}.Debug|Any CPU.ActiveCfg = Debug|Any CPU
		{451A943E-770E-4140-9C59-39DB14107872}.Debug|Any CPU.Build.0 = Debug|Any CPU
		{451A943E-770E-4140-9C59-39DB14107872}.Release|Any CPU.ActiveCfg = Release|Any CPU
		{451A943E-770E-4140-9C59-39DB14107872}.Release|Any CPU.Build.0 = Release|Any CPU
		{F3B2DCCF-8006-4934-959D-3EFD2871E32D}.Debug|Any CPU.ActiveCfg = Debug|Any CPU
		{F3B2DCCF-8006-4934-959D-3EFD2871E32D}.Debug|Any CPU.Build.0 = Debug|Any CPU
		{F3B2DCCF-8006-4934-959D-3EFD2871E32D}.Release|Any CPU.ActiveCfg = Release|Any CPU
		{F3B2DCCF-8006-4934-959D-3EFD2871E32D}.Release|Any CPU.Build.0 = Release|Any CPU
		{06171639-CE4F-4B19-8BF4-D5C2381E2132}.Debug|Any CPU.ActiveCfg = Debug|Any CPU
		{06171639-CE4F-4B19-8BF4-D5C2381E2132}.Debug|Any CPU.Build.0 = Debug|Any CPU
		{06171639-CE4F-4B19-8BF4-D5C2381E2132}.Release|Any CPU.ActiveCfg = Release|Any CPU
		{06171639-CE4F-4B19-8BF4-D5C2381E2132}.Release|Any CPU.Build.0 = Release|Any CPU
	EndGlobalSection
	GlobalSection(SolutionProperties) = preSolution
		HideSolutionNode = FALSE
	EndGlobalSection
EndGlobal
